<?xml version="1.0" encoding="utf-8"?>
<Project ToolsVersion="4.0" xmlns="http://schemas.microsoft.com/developer/msbuild/2003">
  <ItemGroup>
    <Filter Include="Source Files">
      <UniqueIdentifier>{4FC737F1-C7A5-4376-A066-2A32D752A2FF}</UniqueIdentifier>
      <Extensions>cpp;c;cc;cxx;def;odl;idl;hpj;bat;asm;asmx</Extensions>
    </Filter>
    <Filter Include="Header Files">
      <UniqueIdentifier>{93995380-89BD-4b04-88EB-625FBE52EBFB}</UniqueIdentifier>
      <Extensions>h;hh;hpp;hxx;hm;inl;inc;xsd</Extensions>
    </Filter>
    <Filter Include="Resource Files">
      <UniqueIdentifier>{67DA6AB6-F800-4c08-8B7A-83BB121AAD01}</UniqueIdentifier>
      <Extensions>rc;ico;cur;bmp;dlg;rc2;rct;bin;rgs;gif;jpg;jpeg;jpe;resx;tiff;tif;png;wav;mfcribbon-ms</Extensions>
    </Filter>
    <Filter Include="Source Files\Spec">
      <UniqueIdentifier>{f75b4c26-309d-4a34-8c8b-1937edf6d03d}</UniqueIdentifier>
    </Filter>
    <Filter Include="Header Files\AST">
      <UniqueIdentifier>{41082784-417c-438e-bf3f-bb21347b19f3}</UniqueIdentifier>
    </Filter>
    <Filter Include="Header Files\AST\Nodes">
      <UniqueIdentifier>{0cfeedd4-e281-4f5e-b44a-64d80e28b4e7}</UniqueIdentifier>
    </Filter>
    <Filter Include="Source Files\AST">
      <UniqueIdentifier>{509333bb-daaa-4b1d-a20e-9448929248f4}</UniqueIdentifier>
    </Filter>
    <Filter Include="Source Files\AST\Nodes">
      <UniqueIdentifier>{b2b0f094-e50e-4605-845f-225bd15ab1fe}</UniqueIdentifier>
    </Filter>
    <Filter Include="Header Files\AST\Visitor">
      <UniqueIdentifier>{238cf937-1afc-4bc8-ac79-89a7edb6c620}</UniqueIdentifier>
    </Filter>
    <Filter Include="Source Files\AST\Visitor">
      <UniqueIdentifier>{421bf3e6-f851-42f4-b48e-29327bbcea44}</UniqueIdentifier>
    </Filter>
  </ItemGroup>
  <ItemGroup>
    <Text Include="ReadMe.txt" />
  </ItemGroup>
  <ItemGroup>
    <ClInclude Include="targetver.h">
      <Filter>Header Files</Filter>
    </ClInclude>
    <ClInclude Include="codegen.h">
      <Filter>Header Files</Filter>
    </ClInclude>
    <ClInclude Include="AST\Nodes\Expression.h">
      <Filter>Header Files\AST\Nodes</Filter>
    </ClInclude>
    <ClInclude Include="AST\Nodes\StructSpecifier.h">
      <Filter>Header Files\AST\Nodes</Filter>
    </ClInclude>
    <ClInclude Include="AST\Nodes\TypeSpecifier.h">
      <Filter>Header Files\AST\Nodes</Filter>
    </ClInclude>
    <ClInclude Include="AST\Nodes\Node.h">
      <Filter>Header Files\AST\Nodes</Filter>
    </ClInclude>
    <ClInclude Include="AST\AST.h">
      <Filter>Header Files\AST</Filter>
    </ClInclude>
    <ClInclude Include="AST\Nodes\Attribute.h">
      <Filter>Header Files\AST\Nodes</Filter>
    </ClInclude>
    <ClInclude Include="AST\Nodes\FlowControlStatement.h">
      <Filter>Header Files\AST\Nodes</Filter>
    </ClInclude>
    <ClInclude Include="AST\Nodes\IterationStatement.h">
      <Filter>Header Files\AST\Nodes</Filter>
    </ClInclude>
    <ClInclude Include="AST\Nodes\SwitchStatement.h">
      <Filter>Header Files\AST\Nodes</Filter>
    </ClInclude>
    <ClInclude Include="AST\Nodes\SelectionStatement.h">
      <Filter>Header Files\AST\Nodes</Filter>
    </ClInclude>
    <ClInclude Include="AST\Nodes\CompoundStatement.h">
      <Filter>Header Files\AST\Nodes</Filter>
    </ClInclude>
    <ClInclude Include="AST\Nodes\Declaration.h">
      <Filter>Header Files\AST\Nodes</Filter>
    </ClInclude>
    <ClInclude Include="AST\Nodes\Function.h">
      <Filter>Header Files\AST\Nodes</Filter>
    </ClInclude>
    <ClInclude Include="AST\Nodes\ParameterDeclerator.h">
      <Filter>Header Files\AST\Nodes</Filter>
    </ClInclude>
    <ClInclude Include="AST\ParserType.h">
      <Filter>Header Files\AST</Filter>
    </ClInclude>
    <ClInclude Include="parser.hpp">
      <Filter>Header Files</Filter>
    </ClInclude>
    <ClInclude Include="SymbolTable.h">
      <Filter>Header Files</Filter>
    </ClInclude>
    <ClInclude Include="Symbol.h">
      <Filter>Header Files</Filter>
    </ClInclude>
    <ClInclude Include="AST\Nodes\PrecisionType.h">
      <Filter>Header Files\AST\Nodes</Filter>
    </ClInclude>
    <ClInclude Include="AST\Nodes\Precision.h">
      <Filter>Header Files\AST\Nodes</Filter>
    </ClInclude>
    <ClInclude Include="AST\Visitor\Visitor.h">
      <Filter>Header Files\AST\Visitor</Filter>
    </ClInclude>
    <ClInclude Include="AST\Visitor\PrintASTVisitor.h">
      <Filter>Header Files\AST\Visitor</Filter>
    </ClInclude>
  </ItemGroup>
  <ItemGroup>
    <ClCompile Include="hlsl_parser.cpp">
      <Filter>Source Files</Filter>
    </ClCompile>
    <ClCompile Include="tokens.cpp">
      <Filter>Source Files\Spec</Filter>
    </ClCompile>
    <ClCompile Include="parser.cpp">
      <Filter>Source Files\Spec</Filter>
    </ClCompile>
    <ClCompile Include="codegen.cpp">
      <Filter>Source Files</Filter>
    </ClCompile>
    <ClCompile Include="AST\Nodes\Node.cpp">
      <Filter>Source Files</Filter>
    </ClCompile>
    <ClCompile Include="SymbolTable.cpp">
      <Filter>Source Files</Filter>
    </ClCompile>
    <ClCompile Include="AST\Nodes\PrecisionType.cpp">
      <Filter>Source Files\AST\Nodes</Filter>
    </ClCompile>
    <ClCompile Include="AST\Nodes\TypeSpecifier.cpp">
      <Filter>Source Files\AST\Nodes</Filter>
    </ClCompile>
    <ClCompile Include="AST\Nodes\Attribute.cpp">
      <Filter>Source Files\AST\Nodes</Filter>
    </ClCompile>
    <ClCompile Include="AST\Nodes\CompoundStatement.cpp">
      <Filter>Source Files\AST\Nodes</Filter>
    </ClCompile>
    <ClCompile Include="AST\Visitor\PrintASTVisitor.cpp">
      <Filter>Source Files\AST\Visitor</Filter>
    </ClCompile>
    <ClCompile Include="AST\Nodes\Declaration.cpp">
      <Filter>Source Files\AST\Nodes</Filter>
    </ClCompile>
    <ClCompile Include="AST\Nodes\Expression.cpp">
      <Filter>Source Files\AST\Nodes</Filter>
    </ClCompile>
    <ClCompile Include="AST\Nodes\FlowControlStatement.cpp">
      <Filter>Source Files\AST\Nodes</Filter>
    </ClCompile>
    <ClCompile Include="AST\Nodes\Function.cpp">
      <Filter>Source Files\AST\Nodes</Filter>
    </ClCompile>
    <ClCompile Include="AST\Nodes\IterationStatement.cpp">
      <Filter>Source Files\AST\Nodes</Filter>
    </ClCompile>
    <ClCompile Include="AST\Nodes\ParameterDeclerator.cpp">
      <Filter>Source Files\AST\Nodes</Filter>
    </ClCompile>
    <ClCompile Include="AST\Nodes\SelectionStatement.cpp">
      <Filter>Source Files\AST\Nodes</Filter>
    </ClCompile>
    <ClCompile Include="AST\Nodes\StructSpecifier.cpp">
      <Filter>Source Files\AST\Nodes</Filter>
    </ClCompile>
    <ClCompile Include="AST\Nodes\SwitchStatement.cpp">
      <Filter>Source Files\AST\Nodes</Filter>
    </ClCompile>
  </ItemGroup>
  <ItemGroup>
    <CustomBuild Include="parser.yy">
      <Filter>Source Files\Spec</Filter>
    </CustomBuild>
    <CustomBuild Include="tokens.ll">
      <Filter>Source Files\Spec</Filter>
    </CustomBuild>
  </ItemGroup>
</Project>